{
    "_readme": [
        "This file locks the dependencies of your project to a known state",
        "Read more about it at https://getcomposer.org/doc/01-basic-usage.md#installing-dependencies",
        "This file is @generated automatically"
    ],
    "content-hash": "117a604c96aafe3b066b46ce4592724c",
    "packages": [
        {
            "name": "phpnitro/ui",
            "version": "dev-master",
            "dist": {
                "type": "path",
                "url": "../../packages/ui",
                "reference": "96e2d82c20c05c28c25290758463e872a8d378e8"
            },
            "require": {
                "php": ">=8.1"
            },
            "require-dev": {
                "phpunit/phpunit": "^13.2"
            },
            "type": "library",
            "autoload": {
                "psr-4": {
                    "Engine\\": "src/"
                }
            },
            "description": "PhpNitro widget SDK — PHP classes that render to Tailwind-styled HTML, served by a real PHP runtime on-device.",
            "transport-options": {
                "relative": true
            }
        },
        {
            "name": "symfony/dotenv",
            "version": "v8.1.0",
            "source": {
                "type": "git",
                "url": "https://github.com/symfony/dotenv.git",
                "reference": "7ed4e3a11e3c98235c70ded047d7ddf9e6ae854c"
            },
            "dist": {
                "type": "zip",
                "url": "https://api.github.com/repos/symfony/dotenv/zipball/7ed4e3a11e3c98235c70ded047d7ddf9e6ae854c",
                "reference": "7ed4e3a11e3c98235c70ded047d7ddf9e6ae854c",
                "shasum": ""
            },
            "require": {
                "php": ">=8.4.1"
            },
            "require-dev": {
                "symfony/console": "^7.4|^8.0",
                "symfony/process": "^7.4|^8.0"
            },
            "type": "library",
            "autoload": {
                "psr-4": {
                    "Symfony\\Component\\Dotenv\\": ""
                },
                "exclude-from-classmap": [
                    "/Tests/"
                ]
            },
            "notification-url": "https://packagist.org/downloads/",
            "license": [
                "MIT"
            ],
            "authors": [
                {
                    "name": "Fabien Potencier",
                    "email": "fabien@symfony.com"
                },
                {
                    "name": "Symfony Community",
                    "homepage": "https://symfony.com/contributors"
                }
            ],
            "description": "Registers environment variables from a .env file",
            "homepage": "https://symfony.com",
            "keywords": [
                "dotenv",
                "env",
                "environment"
            ],
            "support": {
                "source": "https://github.com/symfony/dotenv/tree/v8.1.0"
            },
            "funding": [
                {
                    "url": "https://symfony.com/sponsor",
                    "type": "custom"
                },
                {
                    "url": "https://github.com/fabpot",
                    "type": "github"
                },
                {
                    "url": "https://github.com/nicolas-grekas",
                    "type": "github"
                },
                {
                    "url": "https://tidelift.com/funding/github/packagist/symfony/symfony",
                    "type": "tidelift"
                }
            ],
            "time": "2026-05-29T05:06:50+00:00"
        }
    ],
    "packages-dev": [],
    "aliases": [],
    "minimum-stability": "dev",
    "stability-flags": {},
    "prefer-stable": true,
    "prefer-lowest": false,
    "platform": {},
    "platform-dev": {},
    "plugin-api-version": "2.9.0"
}
