// !$*UTF8*$!
{
	archiveVersion = 1;
	classes = {
	};
	objectVersion = 77;
	objects = {

/* Begin PBXBuildFile section */
		004FA2E0BCF5E33DFD01DC77 /* PhpNitroNativeEngine in Frameworks */ = {isa = PBXBuildFile; productRef = B0E0EF3D68ADB7B1659BFFBD /* PhpNitroNativeEngine */; };
		1C38880867B9FF8C7123E85C /* Assets.xcassets in Resources */ = {isa = PBXBuildFile; fileRef = 211509AC2089AD9BD91E2B10 /* Assets.xcassets */; };
		3B298E321BB08E36F414E2F9 /* DeviceVibrateTests.swift in Sources */ = {isa = PBXBuildFile; fileRef = 949C000EBB7BBD97D3B8AB49 /* DeviceVibrateTests.swift */; };
		4B1BA3BAEB32DDC56FAE6253 /* AppDelegate.swift in Sources */ = {isa = PBXBuildFile; fileRef = 551D9369729ABE29383DEFB9 /* AppDelegate.swift */; };
		87118DF82A865D74ACD3CD9E /* NavigationRoundTripTests.swift in Sources */ = {isa = PBXBuildFile; fileRef = F17395A4DF2B81A070CAB66B /* NavigationRoundTripTests.swift */; };
		90DE094144784E229E494090 /* AppIcon-Alt.png in Resources */ = {isa = PBXBuildFile; fileRef = C7B012B5E2E731CE0CF87FBA /* AppIcon-Alt.png */; };
		ADCE906591702A6FBB7FED11 /* DeviceBatch2Tests.swift in Sources */ = {isa = PBXBuildFile; fileRef = A2C6CA89DDB3A5597F07450C /* DeviceBatch2Tests.swift */; };
		B003373B7013AA647BD0FE6D /* PhpNitroGo in Frameworks */ = {isa = PBXBuildFile; productRef = 45C1C408EC5E18AF683EC10D /* PhpNitroGo */; };
		B2A8BD13FFDFBC063273B0CA /* GoConnectTests.swift in Sources */ = {isa = PBXBuildFile; fileRef = 0E1BF367FD444B6CCC067658 /* GoConnectTests.swift */; };
		BEAFC379C9A83362EC84FB8D /* DeviceBatch4Tests.swift in Sources */ = {isa = PBXBuildFile; fileRef = 74F3B61D3203F3FD5EEDA404 /* DeviceBatch4Tests.swift */; };
		DC1E17B648E691F24F63DA94 /* DeviceBatch5Tests.swift in Sources */ = {isa = PBXBuildFile; fileRef = 191957D0CBAB4E64DFE3B54C /* DeviceBatch5Tests.swift */; };
		275B0BAA5A0FF5B83A071B31 /* DeviceBatch6Tests.swift in Sources */ = {isa = PBXBuildFile; fileRef = 0F701A779847F25C0B57CB4D /* DeviceBatch6Tests.swift */; };
		E3FF7BB59AE86815633E37F6 /* Assets.xcassets in Resources */ = {isa = PBXBuildFile; fileRef = 409749CDBBFAB6D81943B688 /* Assets.xcassets */; };
		E4EE27E758833556B2403203 /* AppDelegate.swift in Sources */ = {isa = PBXBuildFile; fileRef = E88FE46BCBADF56395B96D03 /* AppDelegate.swift */; };
		EB3187D0CD5B40E9B2C00215 /* DeviceBatch3Tests.swift in Sources */ = {isa = PBXBuildFile; fileRef = E7B737607D0200AED2C93DE6 /* DeviceBatch3Tests.swift */; };
/* End PBXBuildFile section */

/* Begin PBXContainerItemProxy section */
		8F4C49DF383FA6C15B6A06E7 /* PBXContainerItemProxy */ = {
			isa = PBXContainerItemProxy;
			containerPortal = 79099445C4BF84705A69E2B5 /* Project object */;
			proxyType = 1;
			remoteGlobalIDString = 9449693025558232B0B9E882;
			remoteInfo = GoHostApp;
		};
		CA9A7D7BA515B23493F3FADB /* PBXContainerItemProxy */ = {
			isa = PBXContainerItemProxy;
			containerPortal = 79099445C4BF84705A69E2B5 /* Project object */;
			proxyType = 1;
			remoteGlobalIDString = 6524349EED4813911B1F3701;
			remoteInfo = HostApp;
		};
/* End PBXContainerItemProxy section */

/* Begin PBXFileReference section */
		0E1BF367FD444B6CCC067658 /* GoConnectTests.swift */ = {isa = PBXFileReference; lastKnownFileType = sourcecode.swift; path = GoConnectTests.swift; sourceTree = "<group>"; };
		191957D0CBAB4E64DFE3B54C /* DeviceBatch5Tests.swift */ = {isa = PBXFileReference; lastKnownFileType = sourcecode.swift; path = DeviceBatch5Tests.swift; sourceTree = "<group>"; };
		0F701A779847F25C0B57CB4D /* DeviceBatch6Tests.swift */ = {isa = PBXFileReference; lastKnownFileType = sourcecode.swift; path = DeviceBatch6Tests.swift; sourceTree = "<group>"; };
		211509AC2089AD9BD91E2B10 /* Assets.xcassets */ = {isa = PBXFileReference; lastKnownFileType = folder.assetcatalog; path = Assets.xcassets; sourceTree = "<group>"; };
		409749CDBBFAB6D81943B688 /* Assets.xcassets */ = {isa = PBXFileReference; lastKnownFileType = folder.assetcatalog; path = Assets.xcassets; sourceTree = "<group>"; };
		42D113A904F1E14B3A93CC17 /* HostAppUITests.xctest */ = {isa = PBXFileReference; includeInIndex = 0; lastKnownFileType = wrapper.cfbundle; path = HostAppUITests.xctest; sourceTree = BUILT_PRODUCTS_DIR; };
		5180BB1D2C878CF6A26B427F /* GoHostAppUITests.xctest */ = {isa = PBXFileReference; includeInIndex = 0; lastKnownFileType = wrapper.cfbundle; path = GoHostAppUITests.xctest; sourceTree = BUILT_PRODUCTS_DIR; };
		551D9369729ABE29383DEFB9 /* AppDelegate.swift */ = {isa = PBXFileReference; lastKnownFileType = sourcecode.swift; path = AppDelegate.swift; sourceTree = "<group>"; };
		5757A419B0A5EEC7ECDB38A6 /* GoHostApp.app */ = {isa = PBXFileReference; includeInIndex = 0; lastKnownFileType = wrapper.application; path = GoHostApp.app; sourceTree = BUILT_PRODUCTS_DIR; };
		74F3B61D3203F3FD5EEDA404 /* DeviceBatch4Tests.swift */ = {isa = PBXFileReference; lastKnownFileType = sourcecode.swift; path = DeviceBatch4Tests.swift; sourceTree = "<group>"; };
		9020CE7EACB62240190CCBA4 /* Info.plist */ = {isa = PBXFileReference; lastKnownFileType = text.plist; path = Info.plist; sourceTree = "<group>"; };
		949C000EBB7BBD97D3B8AB49 /* DeviceVibrateTests.swift */ = {isa = PBXFileReference; lastKnownFileType = sourcecode.swift; path = DeviceVibrateTests.swift; sourceTree = "<group>"; };
		A2C6CA89DDB3A5597F07450C /* DeviceBatch2Tests.swift */ = {isa = PBXFileReference; lastKnownFileType = sourcecode.swift; path = DeviceBatch2Tests.swift; sourceTree = "<group>"; };
		B533BACDC63140B7C5B28DE0 /* Info.plist */ = {isa = PBXFileReference; lastKnownFileType = text.plist; path = Info.plist; sourceTree = "<group>"; };
		B76897E92937CCFD8BA41FE3 /* ios */ = {isa = PBXFileReference; lastKnownFileType = folder; name = ios; path = ..; sourceTree = SOURCE_ROOT; };
		C7B012B5E2E731CE0CF87FBA /* AppIcon-Alt.png */ = {isa = PBXFileReference; lastKnownFileType = image.png; path = "AppIcon-Alt.png"; sourceTree = "<group>"; };
		E7B737607D0200AED2C93DE6 /* DeviceBatch3Tests.swift */ = {isa = PBXFileReference; lastKnownFileType = sourcecode.swift; path = DeviceBatch3Tests.swift; sourceTree = "<group>"; };
		E88FE46BCBADF56395B96D03 /* AppDelegate.swift */ = {isa = PBXFileReference; lastKnownFileType = sourcecode.swift; path = AppDelegate.swift; sourceTree = "<group>"; };
		EC775FAA03B8A4A9EA9B9F30 /* HostApp.app */ = {isa = PBXFileReference; includeInIndex = 0; lastKnownFileType = wrapper.application; path = HostApp.app; sourceTree = BUILT_PRODUCTS_DIR; };
		F17395A4DF2B81A070CAB66B /* NavigationRoundTripTests.swift */ = {isa = PBXFileReference; lastKnownFileType = sourcecode.swift; path = NavigationRoundTripTests.swift; sourceTree = "<group>"; };
/* End PBXFileReference section */

/* Begin PBXFrameworksBuildPhase section */
		9A59D586AD1C54944A6803BC /* Frameworks */ = {
			isa = PBXFrameworksBuildPhase;
			buildActionMask = 2147483647;
			files = (
				B003373B7013AA647BD0FE6D /* PhpNitroGo in Frameworks */,
			);
			runOnlyForDeploymentPostprocessing = 0;
		};
		D4C954B655A538BE7B129EAF /* Frameworks */ = {
			isa = PBXFrameworksBuildPhase;
			buildActionMask = 2147483647;
			files = (
				004FA2E0BCF5E33DFD01DC77 /* PhpNitroNativeEngine in Frameworks */,
			);
			runOnlyForDeploymentPostprocessing = 0;
		};
/* End PBXFrameworksBuildPhase section */

/* Begin PBXGroup section */
		2A46B5C560E45E2F92C69948 /* Packages */ = {
			isa = PBXGroup;
			children = (
				B76897E92937CCFD8BA41FE3 /* ios */,
			);
			name = Packages;
			sourceTree = "<group>";
		};
		2C91CCFA169981FF18E0820C /* GoHostApp */ = {
			isa = PBXGroup;
			children = (
				E88FE46BCBADF56395B96D03 /* AppDelegate.swift */,
				409749CDBBFAB6D81943B688 /* Assets.xcassets */,
				B533BACDC63140B7C5B28DE0 /* Info.plist */,
			);
			path = GoHostApp;
			sourceTree = "<group>";
		};
		6A25AA5B3A0502300D45A53A /* Products */ = {
			isa = PBXGroup;
			children = (
				5757A419B0A5EEC7ECDB38A6 /* GoHostApp.app */,
				5180BB1D2C878CF6A26B427F /* GoHostAppUITests.xctest */,
				EC775FAA03B8A4A9EA9B9F30 /* HostApp.app */,
				42D113A904F1E14B3A93CC17 /* HostAppUITests.xctest */,
			);
			name = Products;
			sourceTree = "<group>";
		};
		6F0C4393728FCCA5C32222FF /* HostAppUITests */ = {
			isa = PBXGroup;
			children = (
				A2C6CA89DDB3A5597F07450C /* DeviceBatch2Tests.swift */,
				E7B737607D0200AED2C93DE6 /* DeviceBatch3Tests.swift */,
				74F3B61D3203F3FD5EEDA404 /* DeviceBatch4Tests.swift */,
				191957D0CBAB4E64DFE3B54C /* DeviceBatch5Tests.swift */,
				0F701A779847F25C0B57CB4D /* DeviceBatch6Tests.swift */,
				949C000EBB7BBD97D3B8AB49 /* DeviceVibrateTests.swift */,
				F17395A4DF2B81A070CAB66B /* NavigationRoundTripTests.swift */,
			);
			path = HostAppUITests;
			sourceTree = "<group>";
		};
		B537D5DE7E0C5F74E85CD1FC /* GoHostAppUITests */ = {
			isa = PBXGroup;
			children = (
				0E1BF367FD444B6CCC067658 /* GoConnectTests.swift */,
			);
			path = GoHostAppUITests;
			sourceTree = "<group>";
		};
		D9C9E99AB9D4B127B9F05FB2 = {
			isa = PBXGroup;
			children = (
				2C91CCFA169981FF18E0820C /* GoHostApp */,
				B537D5DE7E0C5F74E85CD1FC /* GoHostAppUITests */,
				ECFF6D473491C6837CE726B4 /* HostApp */,
				6F0C4393728FCCA5C32222FF /* HostAppUITests */,
				2A46B5C560E45E2F92C69948 /* Packages */,
				6A25AA5B3A0502300D45A53A /* Products */,
			);
			sourceTree = "<group>";
		};
		ECFF6D473491C6837CE726B4 /* HostApp */ = {
			isa = PBXGroup;
			children = (
				551D9369729ABE29383DEFB9 /* AppDelegate.swift */,
				C7B012B5E2E731CE0CF87FBA /* AppIcon-Alt.png */,
				211509AC2089AD9BD91E2B10 /* Assets.xcassets */,
				9020CE7EACB62240190CCBA4 /* Info.plist */,
			);
			path = HostApp;
			sourceTree = "<group>";
		};
/* End PBXGroup section */

/* Begin PBXNativeTarget section */
		0D976CA77ABA7BC77D8B90EE /* GoHostAppUITests */ = {
			isa = PBXNativeTarget;
			buildConfigurationList = 5CF86429FF1EEABE8285C4A7 /* Build configuration list for PBXNativeTarget "GoHostAppUITests" */;
			buildPhases = (
				A5E012C50D8284EE52729244 /* Sources */,
			);
			buildRules = (
			);
			dependencies = (
				4CCD1029A32238406476AD47 /* PBXTargetDependency */,
			);
			name = GoHostAppUITests;
			packageProductDependencies = (
			);
			productName = GoHostAppUITests;
			productReference = 5180BB1D2C878CF6A26B427F /* GoHostAppUITests.xctest */;
			productType = "com.apple.product-type.bundle.ui-testing";
		};
		4C93F8B55043917856E6E2F5 /* HostAppUITests */ = {
			isa = PBXNativeTarget;
			buildConfigurationList = 1E3886DCD5DC3A722AD20BA3 /* Build configuration list for PBXNativeTarget "HostAppUITests" */;
			buildPhases = (
				B052D590B11DFDC0EF664EB6 /* Sources */,
			);
			buildRules = (
			);
			dependencies = (
				8B8277AE564A3633E1B000E0 /* PBXTargetDependency */,
			);
			name = HostAppUITests;
			packageProductDependencies = (
			);
			productName = HostAppUITests;
			productReference = 42D113A904F1E14B3A93CC17 /* HostAppUITests.xctest */;
			productType = "com.apple.product-type.bundle.ui-testing";
		};
		6524349EED4813911B1F3701 /* HostApp */ = {
			isa = PBXNativeTarget;
			buildConfigurationList = 16BB2E7EE57ED564D0FDF20E /* Build configuration list for PBXNativeTarget "HostApp" */;
			buildPhases = (
				08A87C1C0639B8699AF1E065 /* Sources */,
				1D89DB1B17743D46A6FFAA3F /* Resources */,
				D4C954B655A538BE7B129EAF /* Frameworks */,
			);
			buildRules = (
			);
			dependencies = (
			);
			name = HostApp;
			packageProductDependencies = (
				B0E0EF3D68ADB7B1659BFFBD /* PhpNitroNativeEngine */,
			);
			productName = HostApp;
			productReference = EC775FAA03B8A4A9EA9B9F30 /* HostApp.app */;
			productType = "com.apple.product-type.application";
		};
		9449693025558232B0B9E882 /* GoHostApp */ = {
			isa = PBXNativeTarget;
			buildConfigurationList = FDCBD6E4DEFD40CD8CD230F0 /* Build configuration list for PBXNativeTarget "GoHostApp" */;
			buildPhases = (
				A9333FA8E454D1F899739321 /* Sources */,
				23B8C22944CFD695A27A189B /* Resources */,
				9A59D586AD1C54944A6803BC /* Frameworks */,
			);
			buildRules = (
			);
			dependencies = (
			);
			name = GoHostApp;
			packageProductDependencies = (
				45C1C408EC5E18AF683EC10D /* PhpNitroGo */,
			);
			productName = GoHostApp;
			productReference = 5757A419B0A5EEC7ECDB38A6 /* GoHostApp.app */;
			productType = "com.apple.product-type.application";
		};
/* End PBXNativeTarget section */

/* Begin PBXProject section */
		79099445C4BF84705A69E2B5 /* Project object */ = {
			isa = PBXProject;
			attributes = {
				BuildIndependentTargetsInParallel = YES;
				LastUpgradeCheck = 1430;
				TargetAttributes = {
					0D976CA77ABA7BC77D8B90EE = {
						DevelopmentTeam = KGV44Q59VW;
						ProvisioningStyle = Automatic;
						TestTargetID = 9449693025558232B0B9E882;
					};
					4C93F8B55043917856E6E2F5 = {
						DevelopmentTeam = KGV44Q59VW;
						ProvisioningStyle = Automatic;
						TestTargetID = 6524349EED4813911B1F3701;
					};
					6524349EED4813911B1F3701 = {
						DevelopmentTeam = KGV44Q59VW;
						ProvisioningStyle = Automatic;
					};
					9449693025558232B0B9E882 = {
						DevelopmentTeam = KGV44Q59VW;
						ProvisioningStyle = Automatic;
					};
				};
			};
			buildConfigurationList = 9DAA1490A520A7509FC0E701 /* Build configuration list for PBXProject "HostApp" */;
			developmentRegion = en;
			hasScannedForEncodings = 0;
			knownRegions = (
				Base,
				en,
			);
			mainGroup = D9C9E99AB9D4B127B9F05FB2;
			minimizedProjectReferenceProxies = 1;
			packageReferences = (
				66A936A5EB124A70CF1DEDF8 /* XCLocalSwiftPackageReference ".." */,
			);
			preferredProjectObjectVersion = 77;
			productRefGroup = 6A25AA5B3A0502300D45A53A /* Products */;
			projectDirPath = "";
			projectRoot = "";
			targets = (
				6524349EED4813911B1F3701 /* HostApp */,
				4C93F8B55043917856E6E2F5 /* HostAppUITests */,
				9449693025558232B0B9E882 /* GoHostApp */,
				0D976CA77ABA7BC77D8B90EE /* GoHostAppUITests */,
			);
		};
/* End PBXProject section */

/* Begin PBXResourcesBuildPhase section */
		1D89DB1B17743D46A6FFAA3F /* Resources */ = {
			isa = PBXResourcesBuildPhase;
			buildActionMask = 2147483647;
			files = (
				90DE094144784E229E494090 /* AppIcon-Alt.png in Resources */,
				1C38880867B9FF8C7123E85C /* Assets.xcassets in Resources */,
			);
			runOnlyForDeploymentPostprocessing = 0;
		};
		23B8C22944CFD695A27A189B /* Resources */ = {
			isa = PBXResourcesBuildPhase;
			buildActionMask = 2147483647;
			files = (
				E3FF7BB59AE86815633E37F6 /* Assets.xcassets in Resources */,
			);
			runOnlyForDeploymentPostprocessing = 0;
		};
/* End PBXResourcesBuildPhase section */

/* Begin PBXSourcesBuildPhase section */
		08A87C1C0639B8699AF1E065 /* Sources */ = {
			isa = PBXSourcesBuildPhase;
			buildActionMask = 2147483647;
			files = (
				4B1BA3BAEB32DDC56FAE6253 /* AppDelegate.swift in Sources */,
			);
			runOnlyForDeploymentPostprocessing = 0;
		};
		A5E012C50D8284EE52729244 /* Sources */ = {
			isa = PBXSourcesBuildPhase;
			buildActionMask = 2147483647;
			files = (
				B2A8BD13FFDFBC063273B0CA /* GoConnectTests.swift in Sources */,
			);
			runOnlyForDeploymentPostprocessing = 0;
		};
		A9333FA8E454D1F899739321 /* Sources */ = {
			isa = PBXSourcesBuildPhase;
			buildActionMask = 2147483647;
			files = (
				E4EE27E758833556B2403203 /* AppDelegate.swift in Sources */,
			);
			runOnlyForDeploymentPostprocessing = 0;
		};
		B052D590B11DFDC0EF664EB6 /* Sources */ = {
			isa = PBXSourcesBuildPhase;
			buildActionMask = 2147483647;
			files = (
				ADCE906591702A6FBB7FED11 /* DeviceBatch2Tests.swift in Sources */,
				EB3187D0CD5B40E9B2C00215 /* DeviceBatch3Tests.swift in Sources */,
				BEAFC379C9A83362EC84FB8D /* DeviceBatch4Tests.swift in Sources */,
				DC1E17B648E691F24F63DA94 /* DeviceBatch5Tests.swift in Sources */,
				275B0BAA5A0FF5B83A071B31 /* DeviceBatch6Tests.swift in Sources */,
				3B298E321BB08E36F414E2F9 /* DeviceVibrateTests.swift in Sources */,
				87118DF82A865D74ACD3CD9E /* NavigationRoundTripTests.swift in Sources */,
			);
			runOnlyForDeploymentPostprocessing = 0;
		};
/* End PBXSourcesBuildPhase section */

/* Begin PBXTargetDependency section */
		4CCD1029A32238406476AD47 /* PBXTargetDependency */ = {
			isa = PBXTargetDependency;
			target = 9449693025558232B0B9E882 /* GoHostApp */;
			targetProxy = 8F4C49DF383FA6C15B6A06E7 /* PBXContainerItemProxy */;
		};
		8B8277AE564A3633E1B000E0 /* PBXTargetDependency */ = {
			isa = PBXTargetDependency;
			target = 6524349EED4813911B1F3701 /* HostApp */;
			targetProxy = CA9A7D7BA515B23493F3FADB /* PBXContainerItemProxy */;
		};
/* End PBXTargetDependency section */

/* Begin XCBuildConfiguration section */
		1E9E5605414EC661811F7783 /* Debug */ = {
			isa = XCBuildConfiguration;
			buildSettings = {
				ASSETCATALOG_COMPILER_APPICON_NAME = AppIcon;
				CODE_SIGN_ENTITLEMENTS = HostApp/HostApp.entitlements;
				CODE_SIGN_IDENTITY = "iPhone Developer";
				INFOPLIST_FILE = HostApp/Info.plist;
				LD_RUNPATH_SEARCH_PATHS = (
					"$(inherited)",
					"@executable_path/Frameworks",
				);
				PRODUCT_BUNDLE_IDENTIFIER = com.phpnitro.hostapp;
				SDKROOT = iphoneos;
				TARGETED_DEVICE_FAMILY = 1;
			};
			name = Debug;
		};
		5BAB65AEBE776DB74039F1C8 /* Debug */ = {
			isa = XCBuildConfiguration;
			buildSettings = {
				BUNDLE_LOADER = "$(TEST_HOST)";
				GENERATE_INFOPLIST_FILE = YES;
				LD_RUNPATH_SEARCH_PATHS = (
					"$(inherited)",
					"@executable_path/Frameworks",
					"@loader_path/Frameworks",
				);
				PRODUCT_BUNDLE_IDENTIFIER = com.phpnitro.hostapp.uitests;
				SDKROOT = iphoneos;
				TARGETED_DEVICE_FAMILY = "1,2";
				TEST_TARGET_NAME = HostApp;
			};
			name = Debug;
		};
		5DDF9C056A354BF42E8EDA73 /* Release */ = {
			isa = XCBuildConfiguration;
			buildSettings = {
				BUNDLE_LOADER = "$(TEST_HOST)";
				GENERATE_INFOPLIST_FILE = YES;
				LD_RUNPATH_SEARCH_PATHS = (
					"$(inherited)",
					"@executable_path/Frameworks",
					"@loader_path/Frameworks",
				);
				PRODUCT_BUNDLE_IDENTIFIER = com.phpnitro.hostapp.uitests;
				SDKROOT = iphoneos;
				TARGETED_DEVICE_FAMILY = "1,2";
				TEST_TARGET_NAME = HostApp;
			};
			name = Release;
		};
		8857D01F6A68A1E004EAE7D1 /* Release */ = {
			isa = XCBuildConfiguration;
			buildSettings = {
				ALWAYS_SEARCH_USER_PATHS = NO;
				CLANG_ANALYZER_NONNULL = YES;
				CLANG_ANALYZER_NUMBER_OBJECT_CONVERSION = YES_AGGRESSIVE;
				CLANG_CXX_LANGUAGE_STANDARD = "gnu++14";
				CLANG_CXX_LIBRARY = "libc++";
				CLANG_ENABLE_MODULES = YES;
				CLANG_ENABLE_OBJC_ARC = YES;
				CLANG_ENABLE_OBJC_WEAK = YES;
				CLANG_WARN_BLOCK_CAPTURE_AUTORELEASING = YES;
				CLANG_WARN_BOOL_CONVERSION = YES;
				CLANG_WARN_COMMA = YES;
				CLANG_WARN_CONSTANT_CONVERSION = YES;
				CLANG_WARN_DEPRECATED_OBJC_IMPLEMENTATIONS = YES;
				CLANG_WARN_DIRECT_OBJC_ISA_USAGE = YES_ERROR;
				CLANG_WARN_DOCUMENTATION_COMMENTS = YES;
				CLANG_WARN_EMPTY_BODY = YES;
				CLANG_WARN_ENUM_CONVERSION = YES;
				CLANG_WARN_INFINITE_RECURSION = YES;
				CLANG_WARN_INT_CONVERSION = YES;
				CLANG_WARN_NON_LITERAL_NULL_CONVERSION = YES;
				CLANG_WARN_OBJC_IMPLICIT_RETAIN_SELF = YES;
				CLANG_WARN_OBJC_LITERAL_CONVERSION = YES;
				CLANG_WARN_OBJC_ROOT_CLASS = YES_ERROR;
				CLANG_WARN_QUOTED_INCLUDE_IN_FRAMEWORK_HEADER = YES;
				CLANG_WARN_RANGE_LOOP_ANALYSIS = YES;
				CLANG_WARN_STRICT_PROTOTYPES = YES;
				CLANG_WARN_SUSPICIOUS_MOVE = YES;
				CLANG_WARN_UNGUARDED_AVAILABILITY = YES_AGGRESSIVE;
				CLANG_WARN_UNREACHABLE_CODE = YES;
				CLANG_WARN__DUPLICATE_METHOD_MATCH = YES;
				CODE_SIGN_STYLE = Automatic;
				COPY_PHASE_STRIP = NO;
				DEBUG_INFORMATION_FORMAT = "dwarf-with-dsym";
				DEVELOPMENT_TEAM = KGV44Q59VW;
				ENABLE_NS_ASSERTIONS = NO;
				ENABLE_STRICT_OBJC_MSGSEND = YES;
				GCC_C_LANGUAGE_STANDARD = gnu11;
				GCC_NO_COMMON_BLOCKS = YES;
				GCC_WARN_64_TO_32_BIT_CONVERSION = YES;
				GCC_WARN_ABOUT_RETURN_TYPE = YES_ERROR;
				GCC_WARN_UNDECLARED_SELECTOR = YES;
				GCC_WARN_UNINITIALIZED_AUTOS = YES_AGGRESSIVE;
				GCC_WARN_UNUSED_FUNCTION = YES;
				GCC_WARN_UNUSED_VARIABLE = YES;
				IPHONEOS_DEPLOYMENT_TARGET = 15.0;
				MTL_ENABLE_DEBUG_INFO = NO;
				MTL_FAST_MATH = YES;
				PRODUCT_NAME = "$(TARGET_NAME)";
				SDKROOT = iphoneos;
				SWIFT_COMPILATION_MODE = wholemodule;
				SWIFT_OPTIMIZATION_LEVEL = "-O";
				SWIFT_VERSION = 5.0;
			};
			name = Release;
		};
		91714D24A0B9246A1784A850 /* Release */ = {
			isa = XCBuildConfiguration;
			buildSettings = {
				BUNDLE_LOADER = "$(TEST_HOST)";
				GENERATE_INFOPLIST_FILE = YES;
				LD_RUNPATH_SEARCH_PATHS = (
					"$(inherited)",
					"@executable_path/Frameworks",
					"@loader_path/Frameworks",
				);
				PRODUCT_BUNDLE_IDENTIFIER = com.phpnitro.gohostapp.uitests;
				SDKROOT = iphoneos;
				TARGETED_DEVICE_FAMILY = "1,2";
				TEST_TARGET_NAME = GoHostApp;
			};
			name = Release;
		};
		9464FF8D2F56FDE0EC3C2DB1 /* Release */ = {
			isa = XCBuildConfiguration;
			buildSettings = {
				ASSETCATALOG_COMPILER_APPICON_NAME = AppIcon;
				CODE_SIGN_IDENTITY = "iPhone Developer";
				INFOPLIST_FILE = GoHostApp/Info.plist;
				LD_RUNPATH_SEARCH_PATHS = (
					"$(inherited)",
					"@executable_path/Frameworks",
				);
				PRODUCT_BUNDLE_IDENTIFIER = com.phpnitro.gohostapp;
				SDKROOT = iphoneos;
				TARGETED_DEVICE_FAMILY = 1;
			};
			name = Release;
		};
		AE6335DB3FCCC9FAF951A070 /* Release */ = {
			isa = XCBuildConfiguration;
			buildSettings = {
				ASSETCATALOG_COMPILER_APPICON_NAME = AppIcon;
				CODE_SIGN_ENTITLEMENTS = HostApp/HostApp.entitlements;
				CODE_SIGN_IDENTITY = "iPhone Developer";
				INFOPLIST_FILE = HostApp/Info.plist;
				LD_RUNPATH_SEARCH_PATHS = (
					"$(inherited)",
					"@executable_path/Frameworks",
				);
				PRODUCT_BUNDLE_IDENTIFIER = com.phpnitro.hostapp;
				SDKROOT = iphoneos;
				TARGETED_DEVICE_FAMILY = 1;
			};
			name = Release;
		};
		B454E3508D0B6B1DBCA7D765 /* Debug */ = {
			isa = XCBuildConfiguration;
			buildSettings = {
				BUNDLE_LOADER = "$(TEST_HOST)";
				GENERATE_INFOPLIST_FILE = YES;
				LD_RUNPATH_SEARCH_PATHS = (
					"$(inherited)",
					"@executable_path/Frameworks",
					"@loader_path/Frameworks",
				);
				PRODUCT_BUNDLE_IDENTIFIER = com.phpnitro.gohostapp.uitests;
				SDKROOT = iphoneos;
				TARGETED_DEVICE_FAMILY = "1,2";
				TEST_TARGET_NAME = GoHostApp;
			};
			name = Debug;
		};
		F214D8BD9AB7668FE9284EFA /* Debug */ = {
			isa = XCBuildConfiguration;
			buildSettings = {
				ASSETCATALOG_COMPILER_APPICON_NAME = AppIcon;
				CODE_SIGN_IDENTITY = "iPhone Developer";
				INFOPLIST_FILE = GoHostApp/Info.plist;
				LD_RUNPATH_SEARCH_PATHS = (
					"$(inherited)",
					"@executable_path/Frameworks",
				);
				PRODUCT_BUNDLE_IDENTIFIER = com.phpnitro.gohostapp;
				SDKROOT = iphoneos;
				TARGETED_DEVICE_FAMILY = 1;
			};
			name = Debug;
		};
		F48E89C41391BE7102AFF5FC /* Debug */ = {
			isa = XCBuildConfiguration;
			buildSettings = {
				ALWAYS_SEARCH_USER_PATHS = NO;
				CLANG_ANALYZER_NONNULL = YES;
				CLANG_ANALYZER_NUMBER_OBJECT_CONVERSION = YES_AGGRESSIVE;
				CLANG_CXX_LANGUAGE_STANDARD = "gnu++14";
				CLANG_CXX_LIBRARY = "libc++";
				CLANG_ENABLE_MODULES = YES;
				CLANG_ENABLE_OBJC_ARC = YES;
				CLANG_ENABLE_OBJC_WEAK = YES;
				CLANG_WARN_BLOCK_CAPTURE_AUTORELEASING = YES;
				CLANG_WARN_BOOL_CONVERSION = YES;
				CLANG_WARN_COMMA = YES;
				CLANG_WARN_CONSTANT_CONVERSION = YES;
				CLANG_WARN_DEPRECATED_OBJC_IMPLEMENTATIONS = YES;
				CLANG_WARN_DIRECT_OBJC_ISA_USAGE = YES_ERROR;
				CLANG_WARN_DOCUMENTATION_COMMENTS = YES;
				CLANG_WARN_EMPTY_BODY = YES;
				CLANG_WARN_ENUM_CONVERSION = YES;
				CLANG_WARN_INFINITE_RECURSION = YES;
				CLANG_WARN_INT_CONVERSION = YES;
				CLANG_WARN_NON_LITERAL_NULL_CONVERSION = YES;
				CLANG_WARN_OBJC_IMPLICIT_RETAIN_SELF = YES;
				CLANG_WARN_OBJC_LITERAL_CONVERSION = YES;
				CLANG_WARN_OBJC_ROOT_CLASS = YES_ERROR;
				CLANG_WARN_QUOTED_INCLUDE_IN_FRAMEWORK_HEADER = YES;
				CLANG_WARN_RANGE_LOOP_ANALYSIS = YES;
				CLANG_WARN_STRICT_PROTOTYPES = YES;
				CLANG_WARN_SUSPICIOUS_MOVE = YES;
				CLANG_WARN_UNGUARDED_AVAILABILITY = YES_AGGRESSIVE;
				CLANG_WARN_UNREACHABLE_CODE = YES;
				CLANG_WARN__DUPLICATE_METHOD_MATCH = YES;
				CODE_SIGN_STYLE = Automatic;
				COPY_PHASE_STRIP = NO;
				DEBUG_INFORMATION_FORMAT = dwarf;
				DEVELOPMENT_TEAM = KGV44Q59VW;
				ENABLE_STRICT_OBJC_MSGSEND = YES;
				ENABLE_TESTABILITY = YES;
				GCC_C_LANGUAGE_STANDARD = gnu11;
				GCC_DYNAMIC_NO_PIC = NO;
				GCC_NO_COMMON_BLOCKS = YES;
				GCC_OPTIMIZATION_LEVEL = 0;
				GCC_PREPROCESSOR_DEFINITIONS = (
					"$(inherited)",
					"DEBUG=1",
				);
				GCC_WARN_64_TO_32_BIT_CONVERSION = YES;
				GCC_WARN_ABOUT_RETURN_TYPE = YES_ERROR;
				GCC_WARN_UNDECLARED_SELECTOR = YES;
				GCC_WARN_UNINITIALIZED_AUTOS = YES_AGGRESSIVE;
				GCC_WARN_UNUSED_FUNCTION = YES;
				GCC_WARN_UNUSED_VARIABLE = YES;
				IPHONEOS_DEPLOYMENT_TARGET = 15.0;
				MTL_ENABLE_DEBUG_INFO = INCLUDE_SOURCE;
				MTL_FAST_MATH = YES;
				ONLY_ACTIVE_ARCH = YES;
				PRODUCT_NAME = "$(TARGET_NAME)";
				SDKROOT = iphoneos;
				SWIFT_ACTIVE_COMPILATION_CONDITIONS = DEBUG;
				SWIFT_OPTIMIZATION_LEVEL = "-Onone";
				SWIFT_VERSION = 5.0;
			};
			name = Debug;
		};
/* End XCBuildConfiguration section */

/* Begin XCConfigurationList section */
		16BB2E7EE57ED564D0FDF20E /* Build configuration list for PBXNativeTarget "HostApp" */ = {
			isa = XCConfigurationList;
			buildConfigurations = (
				1E9E5605414EC661811F7783 /* Debug */,
				AE6335DB3FCCC9FAF951A070 /* Release */,
			);
			defaultConfigurationIsVisible = 0;
			defaultConfigurationName = Debug;
		};
		1E3886DCD5DC3A722AD20BA3 /* Build configuration list for PBXNativeTarget "HostAppUITests" */ = {
			isa = XCConfigurationList;
			buildConfigurations = (
				5BAB65AEBE776DB74039F1C8 /* Debug */,
				5DDF9C056A354BF42E8EDA73 /* Release */,
			);
			defaultConfigurationIsVisible = 0;
			defaultConfigurationName = Debug;
		};
		5CF86429FF1EEABE8285C4A7 /* Build configuration list for PBXNativeTarget "GoHostAppUITests" */ = {
			isa = XCConfigurationList;
			buildConfigurations = (
				B454E3508D0B6B1DBCA7D765 /* Debug */,
				91714D24A0B9246A1784A850 /* Release */,
			);
			defaultConfigurationIsVisible = 0;
			defaultConfigurationName = Debug;
		};
		9DAA1490A520A7509FC0E701 /* Build configuration list for PBXProject "HostApp" */ = {
			isa = XCConfigurationList;
			buildConfigurations = (
				F48E89C41391BE7102AFF5FC /* Debug */,
				8857D01F6A68A1E004EAE7D1 /* Release */,
			);
			defaultConfigurationIsVisible = 0;
			defaultConfigurationName = Debug;
		};
		FDCBD6E4DEFD40CD8CD230F0 /* Build configuration list for PBXNativeTarget "GoHostApp" */ = {
			isa = XCConfigurationList;
			buildConfigurations = (
				F214D8BD9AB7668FE9284EFA /* Debug */,
				9464FF8D2F56FDE0EC3C2DB1 /* Release */,
			);
			defaultConfigurationIsVisible = 0;
			defaultConfigurationName = Debug;
		};
/* End XCConfigurationList section */

/* Begin XCLocalSwiftPackageReference section */
		66A936A5EB124A70CF1DEDF8 /* XCLocalSwiftPackageReference ".." */ = {
			isa = XCLocalSwiftPackageReference;
			relativePath = ..;
		};
/* End XCLocalSwiftPackageReference section */

/* Begin XCSwiftPackageProductDependency section */
		45C1C408EC5E18AF683EC10D /* PhpNitroGo */ = {
			isa = XCSwiftPackageProductDependency;
			productName = PhpNitroGo;
		};
		B0E0EF3D68ADB7B1659BFFBD /* PhpNitroNativeEngine */ = {
			isa = XCSwiftPackageProductDependency;
			productName = PhpNitroNativeEngine;
		};
/* End XCSwiftPackageProductDependency section */
	};
	rootObject = 79099445C4BF84705A69E2B5 /* Project object */;
}
